{
    "name": "rocket.chat.app-poll",
    "lockfileVersion": 3,
    "requires": true,
    "packages": {
        "": {
            "devDependencies": {
                "@rocket.chat/apps-engine": "~1.29.0",
                "@types/node": "14.14.6",
                "tslint": "^5.10.0",
                "typescript": "^4.0.5"
            }
        },
        "node_modules/@babel/code-frame": {
            "version": "7.18.6",
            "dev": true,
            "license": "MIT",
            "dependencies": {
                "@babel/highlight": "^7.18.6"
            },
            "engines": {
                "node": ">=6.9.0"
            }
        },
        "node_modules/@babel/helper-validator-identifier": {
            "version": "7.18.6",
            "dev": true,
            "license": "MIT",
            "engines": {
                "node": ">=6.9.0"
            }
        },
        "node_modules/@babel/highlight": {
            "version": "7.18.6",
            "dev": true,
            "license": "MIT",
            "dependencies": {
                "@babel/helper-validator-identifier": "^7.18.6",
                "chalk": "^2.0.0",
                "js-tokens": "^4.0.0"
            },
            "engines": {
                "node": ">=6.9.0"
            }
        },
        "node_modules/@rocket.chat/apps-engine": {
            "version": "1.29.2",
            "resolved": "https://registry.npmjs.org/@rocket.chat/apps-engine/-/apps-engine-1.29.2.tgz",
            "integrity": "sha512-dtYNWg2lYClKq3eKLK8EEts4cN1gvq7SYQSPWBWHe+xlTolqkclZLV8CKhig61kondT74koB4PvAoFoPANJiRA==",
            "dev": true,
            "license": "MIT",
            "dependencies": {
                "adm-zip": "^0.4.9",
                "cryptiles": "^4.1.3",
                "lodash.clonedeep": "^4.5.0",
                "semver": "^5.5.0",
                "stack-trace": "0.0.10",
                "uuid": "^3.2.1"
            }
        },
        "node_modules/@rocket.chat/apps-engine/node_modules/uuid": {
            "version": "3.4.0",
            "resolved": "https://registry.npmjs.org/uuid/-/uuid-3.4.0.tgz",
            "integrity": "sha512-HjSDRw6gZE5JMggctHBcjVak08+KEVhSIiDzFnT9S9aegmp85S/bReBVTb4QTFaRNptJ9kuYaNhnbNEOkbKb/A==",
            "deprecated": "uuid@10 and below is no longer supported.  For ESM codebases, update to uuid@latest.  For CommonJS codebases, use uuid@11 (but be aware this version will likely be deprecated in 2028).",
            "dev": true,
            "license": "MIT",
            "bin": {
                "uuid": "bin/uuid"
            }
        },
        "node_modules/@types/node": {
            "version": "14.14.6",
            "dev": true,
            "license": "MIT"
        },
        "node_modules/adm-zip": {
            "version": "0.4.16",
            "resolved": "https://registry.npmjs.org/adm-zip/-/adm-zip-0.4.16.tgz",
            "integrity": "sha512-TFi4HBKSGfIKsK5YCkKaaFG2m4PEDyViZmEwof3MTIgzimHLto6muaHVpbrljdIvIrFZzEq/p4nafOeLcYegrg==",
            "dev": true,
            "license": "MIT",
            "engines": {
                "node": ">=0.3.0"
            }
        },
        "node_modules/ansi-styles": {
            "version": "3.2.1",
            "dev": true,
            "license": "MIT",
            "dependencies": {
                "color-convert": "^1.9.0"
            },
            "engines": {
                "node": ">=4"
            }
        },
        "node_modules/argparse": {
            "version": "1.0.10",
            "dev": true,
            "license": "MIT",
            "dependencies": {
                "sprintf-js": "~1.0.2"
            }
        },
        "node_modules/balanced-match": {
            "version": "1.0.2",
            "dev": true,
            "license": "MIT"
        },
        "node_modules/boom": {
            "version": "7.3.0",
            "resolved": "https://registry.npmjs.org/boom/-/boom-7.3.0.tgz",
            "integrity": "sha512-Swpoyi2t5+GhOEGw8rEsKvTxFLIDiiKoUc2gsoV6Lyr43LHBIzch3k2MvYUs8RTROrIkVJ3Al0TkaOGjnb+B6A==",
            "deprecated": "This module has moved and is now available at @hapi/boom. Please update your dependencies as this version is no longer maintained an may contain bugs and security issues.",
            "dev": true,
            "license": "BSD-3-Clause",
            "dependencies": {
                "hoek": "6.x.x"
            }
        },
        "node_modules/brace-expansion": {
            "version": "1.1.11",
            "dev": true,
            "license": "MIT",
            "dependencies": {
                "balanced-match": "^1.0.0",
                "concat-map": "0.0.1"
            }
        },
        "node_modules/builtin-modules": {
            "version": "1.1.1",
            "dev": true,
            "license": "MIT",
            "engines": {
                "node": ">=0.10.0"
            }
        },
        "node_modules/chalk": {
            "version": "2.4.2",
            "dev": true,
            "license": "MIT",
            "dependencies": {
                "ansi-styles": "^3.2.1",
                "escape-string-regexp": "^1.0.5",
                "supports-color": "^5.3.0"
            },
            "engines": {
                "node": ">=4"
            }
        },
        "node_modules/color-convert": {
            "version": "1.9.3",
            "dev": true,
            "license": "MIT",
            "dependencies": {
                "color-name": "1.1.3"
            }
        },
        "node_modules/color-name": {
            "version": "1.1.3",
            "dev": true,
            "license": "MIT"
        },
        "node_modules/commander": {
            "version": "2.20.3",
            "dev": true,
            "license": "MIT"
        },
        "node_modules/concat-map": {
            "version": "0.0.1",
            "dev": true,
            "license": "MIT"
        },
        "node_modules/cryptiles": {
            "version": "4.1.3",
            "resolved": "https://registry.npmjs.org/cryptiles/-/cryptiles-4.1.3.tgz",
            "integrity": "sha512-gT9nyTMSUC1JnziQpPbxKGBbUg8VL7Zn2NB4E1cJYvuXdElHrwxrV9bmltZGDzet45zSDGyYceueke1TjynGzw==",
            "deprecated": "This module has moved and is now available at @hapi/cryptiles. Please update your dependencies as this version is no longer maintained an may contain bugs and security issues.",
            "dev": true,
            "license": "BSD-3-Clause",
            "dependencies": {
                "boom": "7.x.x"
            }
        },
        "node_modules/diff": {
            "version": "4.0.2",
            "dev": true,
            "license": "BSD-3-Clause",
            "engines": {
                "node": ">=0.3.1"
            }
        },
        "node_modules/escape-string-regexp": {
            "version": "1.0.5",
            "dev": true,
            "license": "MIT",
            "engines": {
                "node": ">=0.8.0"
            }
        },
        "node_modules/esprima": {
            "version": "4.0.1",
            "dev": true,
            "license": "BSD-2-Clause",
            "bin": {
                "esparse": "bin/esparse.js",
                "esvalidate": "bin/esvalidate.js"
            },
            "engines": {
                "node": ">=4"
            }
        },
        "node_modules/fs.realpath": {
            "version": "1.0.0",
            "dev": true,
            "license": "ISC"
        },
        "node_modules/function-bind": {
            "version": "1.1.1",
            "dev": true,
            "license": "MIT"
        },
        "node_modules/glob": {
            "version": "7.2.3",
            "dev": true,
            "license": "ISC",
            "dependencies": {
                "fs.realpath": "^1.0.0",
                "inflight": "^1.0.4",
                "inherits": "2",
                "minimatch": "^3.1.1",
                "once": "^1.3.0",
                "path-is-absolute": "^1.0.0"
            },
            "engines": {
                "node": "*"
            },
            "funding": {
                "url": "https://github.com/sponsors/isaacs"
            }
        },
        "node_modules/has": {
            "version": "1.0.3",
            "dev": true,
            "license": "MIT",
            "dependencies": {
                "function-bind": "^1.1.1"
            },
            "engines": {
                "node": ">= 0.4.0"
            }
        },
        "node_modules/has-flag": {
            "version": "3.0.0",
            "dev": true,
            "license": "MIT",
            "engines": {
                "node": ">=4"
            }
        },
        "node_modules/hoek": {
            "version": "6.1.3",
            "resolved": "https://registry.npmjs.org/hoek/-/hoek-6.1.3.tgz",
            "integrity": "sha512-YXXAAhmF9zpQbC7LEcREFtXfGq5K1fmd+4PHkBq8NUqmzW3G+Dq10bI/i0KucLRwss3YYFQ0fSfoxBZYiGUqtQ==",
            "deprecated": "This module has moved and is now available at @hapi/hoek. Please update your dependencies as this version is no longer maintained an may contain bugs and security issues.",
            "dev": true,
            "license": "BSD-3-Clause"
        },
        "node_modules/inflight": {
            "version": "1.0.6",
            "dev": true,
            "license": "ISC",
            "dependencies": {
                "once": "^1.3.0",
                "wrappy": "1"
            }
        },
        "node_modules/inherits": {
            "version": "2.0.4",
            "dev": true,
            "license": "ISC"
        },
        "node_modules/is-core-module": {
            "version": "2.10.0",
            "dev": true,
            "license": "MIT",
            "dependencies": {
                "has": "^1.0.3"
            },
            "funding": {
                "url": "https://github.com/sponsors/ljharb"
            }
        },
        "node_modules/js-tokens": {
            "version": "4.0.0",
            "dev": true,
            "license": "MIT"
        },
        "node_modules/js-yaml": {
            "version": "3.14.1",
            "dev": true,
            "license": "MIT",
            "dependencies": {
                "argparse": "^1.0.7",
                "esprima": "^4.0.0"
            },
            "bin": {
                "js-yaml": "bin/js-yaml.js"
            }
        },
        "node_modules/lodash.clonedeep": {
            "version": "4.5.0",
            "resolved": "https://registry.npmjs.org/lodash.clonedeep/-/lodash.clonedeep-4.5.0.tgz",
            "integrity": "sha512-H5ZhCF25riFd9uB5UCkVKo61m3S/xZk1x4wA6yp/L3RFP6Z/eHH1ymQcGLo7J3GMPfm0V/7m1tryHuGVxpqEBQ==",
            "dev": true,
            "license": "MIT"
        },
        "node_modules/minimatch": {
            "version": "3.1.2",
            "dev": true,
            "license": "ISC",
            "dependencies": {
                "brace-expansion": "^1.1.7"
            },
            "engines": {
                "node": "*"
            }
        },
        "node_modules/minimist": {
            "version": "1.2.6",
            "dev": true,
            "license": "MIT"
        },
        "node_modules/mkdirp": {
            "version": "0.5.6",
            "dev": true,
            "license": "MIT",
            "dependencies": {
                "minimist": "^1.2.6"
            },
            "bin": {
                "mkdirp": "bin/cmd.js"
            }
        },
        "node_modules/once": {
            "version": "1.4.0",
            "dev": true,
            "license": "ISC",
            "dependencies": {
                "wrappy": "1"
            }
        },
        "node_modules/path-is-absolute": {
            "version": "1.0.1",
            "dev": true,
            "license": "MIT",
            "engines": {
                "node": ">=0.10.0"
            }
        },
        "node_modules/path-parse": {
            "version": "1.0.7",
            "dev": true,
            "license": "MIT"
        },
        "node_modules/resolve": {
            "version": "1.22.1",
            "dev": true,
            "license": "MIT",
            "dependencies": {
                "is-core-module": "^2.9.0",
                "path-parse": "^1.0.7",
                "supports-preserve-symlinks-flag": "^1.0.0"
            },
            "bin": {
                "resolve": "bin/resolve"
            },
            "funding": {
                "url": "https://github.com/sponsors/ljharb"
            }
        },
        "node_modules/semver": {
            "version": "5.5.0",
            "dev": true,
            "license": "ISC",
            "bin": {
                "semver": "bin/semver"
            }
        },
        "node_modules/sprintf-js": {
            "version": "1.0.3",
            "dev": true,
            "license": "BSD-3-Clause"
        },
        "node_modules/stack-trace": {
            "version": "0.0.10",
            "resolved": "https://registry.npmjs.org/stack-trace/-/stack-trace-0.0.10.tgz",
            "integrity": "sha512-KGzahc7puUKkzyMt+IqAep+TVNbKP+k2Lmwhub39m1AsTSkaDutx56aDCo+HLDzf/D26BIHTJWNiTG1KAJiQCg==",
            "dev": true,
            "license": "MIT",
            "engines": {
                "node": "*"
            }
        },
        "node_modules/supports-color": {
            "version": "5.5.0",
            "dev": true,
            "license": "MIT",
            "dependencies": {
                "has-flag": "^3.0.0"
            },
            "engines": {
                "node": ">=4"
            }
        },
        "node_modules/supports-preserve-symlinks-flag": {
            "version": "1.0.0",
            "dev": true,
            "license": "MIT",
            "engines": {
                "node": ">= 0.4"
            },
            "funding": {
                "url": "https://github.com/sponsors/ljharb"
            }
        },
        "node_modules/tslib": {
            "version": "1.14.1",
            "dev": true,
            "license": "0BSD"
        },
        "node_modules/tslint": {
            "version": "5.20.1",
            "dev": true,
            "license": "Apache-2.0",
            "dependencies": {
                "@babel/code-frame": "^7.0.0",
                "builtin-modules": "^1.1.1",
                "chalk": "^2.3.0",
                "commander": "^2.12.1",
                "diff": "^4.0.1",
                "glob": "^7.1.1",
                "js-yaml": "^3.13.1",
                "minimatch": "^3.0.4",
                "mkdirp": "^0.5.1",
                "resolve": "^1.3.2",
                "semver": "^5.3.0",
                "tslib": "^1.8.0",
                "tsutils": "^2.29.0"
            },
            "bin": {
                "tslint": "bin/tslint"
            },
            "engines": {
                "node": ">=4.8.0"
            },
            "peerDependencies": {
                "typescript": ">=2.3.0-dev || >=2.4.0-dev || >=2.5.0-dev || >=2.6.0-dev || >=2.7.0-dev || >=2.8.0-dev || >=2.9.0-dev || >=3.0.0-dev || >= 3.1.0-dev || >= 3.2.0-dev"
            }
        },
        "node_modules/tsutils": {
            "version": "2.29.0",
            "dev": true,
            "license": "MIT",
            "dependencies": {
                "tslib": "^1.8.1"
            },
            "peerDependencies": {
                "typescript": ">=2.1.0 || >=2.1.0-dev || >=2.2.0-dev || >=2.3.0-dev || >=2.4.0-dev || >=2.5.0-dev || >=2.6.0-dev || >=2.7.0-dev || >=2.8.0-dev || >=2.9.0-dev || >= 3.0.0-dev || >= 3.1.0-dev"
            }
        },
        "node_modules/typescript": {
            "version": "4.7.4",
            "dev": true,
            "license": "Apache-2.0",
            "bin": {
                "tsc": "bin/tsc",
                "tsserver": "bin/tsserver"
            },
            "engines": {
                "node": ">=4.2.0"
            }
        },
        "node_modules/wrappy": {
            "version": "1.0.2",
            "dev": true,
            "license": "ISC"
        }
    }
}
